// !$*UTF8*$!
{
	archiveVersion = 1;
	classes = {
	};
	objectVersion = 77;
	objects = {

/* Begin PBXBuildFile section */
		F08635C22E4EF3C2005D0446 /* GoogleSignIn in Frameworks */ = {isa = PBXBuildFile; productRef = F08635C12E4EF3C2005D0446 /* GoogleSignIn */; };
		F08635C42E4EF3C2005D0446 /* GoogleSignInSwift in Frameworks */ = {isa = PBXBuildFile; productRef = F08635C32E4EF3C2005D0446 /* GoogleSignInSwift */; };
		F091FC9C2DF38F4500F3594E /* FirebaseAI in Frameworks */ = {isa = PBXBuildFile; productRef = F091FC9B2DF38F4500F3594E /* FirebaseAI */; };
		F091FC9E2DF38F4500F3594E /* FirebaseAnalytics in Frameworks */ = {isa = PBXBuildFile; productRef = F091FC9D2DF38F4500F3594E /* FirebaseAnalytics */; };
		F091FCA02DF38F4500F3594E /* FirebaseAnalyticsCore in Frameworks */ = {isa = PBXBuildFile; productRef = F091FC9F2DF38F4500F3594E /* FirebaseAnalyticsCore */; };
		F091FCA22DF38F4500F3594E /* FirebaseAnalyticsIdentitySupport in Frameworks */ = {isa = PBXBuildFile; productRef = F091FCA12DF38F4500F3594E /* FirebaseAnalyticsIdentitySupport */; };
		F091FCA42DF38F4500F3594E /* FirebaseAnalyticsOnDeviceConversion in Frameworks */ = {isa = PBXBuildFile; productRef = F091FCA32DF38F4500F3594E /* FirebaseAnalyticsOnDeviceConversion */; };
		F091FCA62DF38F4500F3594E /* FirebaseAppCheck in Frameworks */ = {isa = PBXBuildFile; productRef = F091FCA52DF38F4500F3594E /* FirebaseAppCheck */; };
		F091FCA82DF38F4500F3594E /* FirebaseAuth in Frameworks */ = {isa = PBXBuildFile; productRef = F091FCA72DF38F4500F3594E /* FirebaseAuth */; };
		F091FCAA2DF38F4500F3594E /* FirebaseCore in Frameworks */ = {isa = PBXBuildFile; productRef = F091FCA92DF38F4500F3594E /* FirebaseCore */; };
		F091FCAC2DF38F4500F3594E /* FirebaseDatabase in Frameworks */ = {isa = PBXBuildFile; productRef = F091FCAB2DF38F4500F3594E /* FirebaseDatabase */; };
		F091FCAE2DF38F4500F3594E /* FirebaseFirestore in Frameworks */ = {isa = PBXBuildFile; productRef = F091FCAD2DF38F4500F3594E /* FirebaseFirestore */; };
		F091FCB02DF38F4500F3594E /* FirebaseRemoteConfig in Frameworks */ = {isa = PBXBuildFile; productRef = F091FCAF2DF38F4500F3594E /* FirebaseRemoteConfig */; };
		F091FCB22DF38F4500F3594E /* FirebaseStorage in Frameworks */ = {isa = PBXBuildFile; productRef = F091FCB12DF38F4500F3594E /* FirebaseStorage */; };
/* End PBXBuildFile section */

/* Begin PBXContainerItemProxy section */
		F091FC792DF3855400F3594E /* PBXContainerItemProxy */ = {
			isa = PBXContainerItemProxy;
			containerPortal = F091FC632DF3855200F3594E /* Project object */;
			proxyType = 1;
			remoteGlobalIDString = F091FC6A2DF3855200F3594E;
			remoteInfo = Valt;
		};
		F091FC832DF3855400F3594E /* PBXContainerItemProxy */ = {
			isa = PBXContainerItemProxy;
			containerPortal = F091FC632DF3855200F3594E /* Project object */;
			proxyType = 1;
			remoteGlobalIDString = F091FC6A2DF3855200F3594E;
			remoteInfo = Valt;
		};
/* End PBXContainerItemProxy section */

/* Begin PBXFileReference section */
		F091FC6B2DF3855200F3594E /* Valt.app */ = {isa = PBXFileReference; explicitFileType = wrapper.application; includeInIndex = 0; path = Valt.app; sourceTree = BUILT_PRODUCTS_DIR; };
		F091FC782DF3855400F3594E /* ValtTests.xctest */ = {isa = PBXFileReference; explicitFileType = wrapper.cfbundle; includeInIndex = 0; path = ValtTests.xctest; sourceTree = BUILT_PRODUCTS_DIR; };
		F091FC822DF3855400F3594E /* ValtUITests.xctest */ = {isa = PBXFileReference; explicitFileType = wrapper.cfbundle; includeInIndex = 0; path = ValtUITests.xctest; sourceTree = BUILT_PRODUCTS_DIR; };
/* End PBXFileReference section */

/* Begin PBXFileSystemSynchronizedBuildFileExceptionSet section */
		F0E9A13D2DF399E3005C8A52 /* Exceptions for "Valt" folder in "Valt" target */ = {
			isa = PBXFileSystemSynchronizedBuildFileExceptionSet;
			membershipExceptions = (
				Info.plist,
			);
			target = F091FC6A2DF3855200F3594E /* Valt */;
		};
/* End PBXFileSystemSynchronizedBuildFileExceptionSet section */

/* Begin PBXFileSystemSynchronizedRootGroup section */
		F091FC6D2DF3855200F3594E /* Valt */ = {
			isa = PBXFileSystemSynchronizedRootGroup;
			exceptions = (
				F0E9A13D2DF399E3005C8A52 /* Exceptions for "Valt" folder in "Valt" target */,
			);
			path = Valt;
			sourceTree = "<group>";
		};
		F091FC7B2DF3855400F3594E /* ValtTests */ = {
			isa = PBXFileSystemSynchronizedRootGroup;
			path = ValtTests;
			sourceTree = "<group>";
		};
		F091FC852DF3855400F3594E /* ValtUITests */ = {
			isa = PBXFileSystemSynchronizedRootGroup;
			path = ValtUITests;
			sourceTree = "<group>";
		};
/* End PBXFileSystemSynchronizedRootGroup section */

/* Begin PBXFrameworksBuildPhase section */
		F091FC682DF3855200F3594E /* Frameworks */ = {
			isa = PBXFrameworksBuildPhase;
			buildActionMask = 2147483647;
			files = (
				F091FCB02DF38F4500F3594E /* FirebaseRemoteConfig in Frameworks */,
				F091FCA22DF38F4500F3594E /* FirebaseAnalyticsIdentitySupport in Frameworks */,
				F091FC9E2DF38F4500F3594E /* FirebaseAnalytics in Frameworks */,
				F08635C22E4EF3C2005D0446 /* GoogleSignIn in Frameworks */,
				F091FCA42DF38F4500F3594E /* FirebaseAnalyticsOnDeviceConversion in Frameworks */,
				F091FCAE2DF38F4500F3594E /* FirebaseFirestore in Frameworks */,
				F091FCB22DF38F4500F3594E /* FirebaseStorage in Frameworks */,
				F091FCA02DF38F4500F3594E /* FirebaseAnalyticsCore in Frameworks */,
				F091FCA62DF38F4500F3594E /* FirebaseAppCheck in Frameworks */,
				F08635C42E4EF3C2005D0446 /* GoogleSignInSwift in Frameworks */,
				F091FCA82DF38F4500F3594E /* FirebaseAuth in Frameworks */,
				F091FCAC2DF38F4500F3594E /* FirebaseDatabase in Frameworks */,
				F091FCAA2DF38F4500F3594E /* FirebaseCore in Frameworks */,
				F091FC9C2DF38F4500F3594E /* FirebaseAI in Frameworks */,
			);
			runOnlyForDeploymentPostprocessing = 0;
		};
		F091FC752DF3855400F3594E /* Frameworks */ = {
			isa = PBXFrameworksBuildPhase;
			buildActionMask = 2147483647;
			files = (
			);
			runOnlyForDeploymentPostprocessing = 0;
		};
		F091FC7F2DF3855400F3594E /* Frameworks */ = {
			isa = PBXFrameworksBuildPhase;
			buildActionMask = 2147483647;
			files = (
			);
			runOnlyForDeploymentPostprocessing = 0;
		};
/* End PBXFrameworksBuildPhase section */

/* Begin PBXGroup section */
		F091FC622DF3855200F3594E = {
			isa = PBXGroup;
			children = (
				F091FC6D2DF3855200F3594E /* Valt */,
				F091FC7B2DF3855400F3594E /* ValtTests */,
				F091FC852DF3855400F3594E /* ValtUITests */,
				F091FC6C2DF3855200F3594E /* Products */,
			);
			sourceTree = "<group>";
		};
		F091FC6C2DF3855200F3594E /* Products */ = {
			isa = PBXGroup;
			children = (
				F091FC6B2DF3855200F3594E /* Valt.app */,
				F091FC782DF3855400F3594E /* ValtTests.xctest */,
				F091FC822DF3855400F3594E /* ValtUITests.xctest */,
			);
			name = Products;
			sourceTree = "<group>";
		};
/* End PBXGroup section */

/* Begin PBXNativeTarget section */
		F091FC6A2DF3855200F3594E /* Valt */ = {
			isa = PBXNativeTarget;
			buildConfigurationList = F091FC8C2DF3855400F3594E /* Build configuration list for PBXNativeTarget "Valt" */;
			buildPhases = (
				F091FC672DF3855200F3594E /* Sources */,
				F091FC682DF3855200F3594E /* Frameworks */,
				F091FC692DF3855200F3594E /* Resources */,
			);
			buildRules = (
			);
			dependencies = (
			);
			fileSystemSynchronizedGroups = (
				F091FC6D2DF3855200F3594E /* Valt */,
			);
			name = Valt;
			packageProductDependencies = (
				F091FC9B2DF38F4500F3594E /* FirebaseAI */,
				F091FC9D2DF38F4500F3594E /* FirebaseAnalytics */,
				F091FC9F2DF38F4500F3594E /* FirebaseAnalyticsCore */,
				F091FCA12DF38F4500F3594E /* FirebaseAnalyticsIdentitySupport */,
				F091FCA32DF38F4500F3594E /* FirebaseAnalyticsOnDeviceConversion */,
				F091FCA52DF38F4500F3594E /* FirebaseAppCheck */,
				F091FCA72DF38F4500F3594E /* FirebaseAuth */,
				F091FCA92DF38F4500F3594E /* FirebaseCore */,
				F091FCAB2DF38F4500F3594E /* FirebaseDatabase */,
				F091FCAD2DF38F4500F3594E /* FirebaseFirestore */,
				F091FCAF2DF38F4500F3594E /* FirebaseRemoteConfig */,
				F091FCB12DF38F4500F3594E /* FirebaseStorage */,
				F08635C12E4EF3C2005D0446 /* GoogleSignIn */,
				F08635C32E4EF3C2005D0446 /* GoogleSignInSwift */,
			);
			productName = Valt;
			productReference = F091FC6B2DF3855200F3594E /* Valt.app */;
			productType = "com.apple.product-type.application";
		};
		F091FC772DF3855400F3594E /* ValtTests */ = {
			isa = PBXNativeTarget;
			buildConfigurationList = F091FC8F2DF3855400F3594E /* Build configuration list for PBXNativeTarget "ValtTests" */;
			buildPhases = (
				F091FC742DF3855400F3594E /* Sources */,
				F091FC752DF3855400F3594E /* Frameworks */,
				F091FC762DF3855400F3594E /* Resources */,
			);
			buildRules = (
			);
			dependencies = (
				F091FC7A2DF3855400F3594E /* PBXTargetDependency */,
			);
			fileSystemSynchronizedGroups = (
				F091FC7B2DF3855400F3594E /* ValtTests */,
			);
			name = ValtTests;
			packageProductDependencies = (
			);
			productName = ValtTests;
			productReference = F091FC782DF3855400F3594E /* ValtTests.xctest */;
			productType = "com.apple.product-type.bundle.unit-test";
		};
		F091FC812DF3855400F3594E /* ValtUITests */ = {
			isa = PBXNativeTarget;
			buildConfigurationList = F091FC922DF3855400F3594E /* Build configuration list for PBXNativeTarget "ValtUITests" */;
			buildPhases = (
				F091FC7E2DF3855400F3594E /* Sources */,
				F091FC7F2DF3855400F3594E /* Frameworks */,
				F091FC802DF3855400F3594E /* Resources */,
			);
			buildRules = (
			);
			dependencies = (
				F091FC842DF3855400F3594E /* PBXTargetDependency */,
			);
			fileSystemSynchronizedGroups = (
				F091FC852DF3855400F3594E /* ValtUITests */,
			);
			name = ValtUITests;
			packageProductDependencies = (
			);
			productName = ValtUITests;
			productReference = F091FC822DF3855400F3594E /* ValtUITests.xctest */;
			productType = "com.apple.product-type.bundle.ui-testing";
		};
/* End PBXNativeTarget section */

/* Begin PBXProject section */
		F091FC632DF3855200F3594E /* Project object */ = {
			isa = PBXProject;
			attributes = {
				BuildIndependentTargetsInParallel = 1;
				LastSwiftUpdateCheck = 1640;
				LastUpgradeCheck = 1640;
				TargetAttributes = {
					F091FC6A2DF3855200F3594E = {
						CreatedOnToolsVersion = 16.4;
					};
					F091FC772DF3855400F3594E = {
						CreatedOnToolsVersion = 16.4;
						TestTargetID = F091FC6A2DF3855200F3594E;
					};
					F091FC812DF3855400F3594E = {
						CreatedOnToolsVersion = 16.4;
						TestTargetID = F091FC6A2DF3855200F3594E;
					};
				};
			};
			buildConfigurationList = F091FC662DF3855200F3594E /* Build configuration list for PBXProject "Valt" */;
			developmentRegion = en;
			hasScannedForEncodings = 0;
			knownRegions = (
				en,
				Base,
			);
			mainGroup = F091FC622DF3855200F3594E;
			minimizedProjectReferenceProxies = 1;
			packageReferences = (
				F091FC9A2DF38F4500F3594E /* XCRemoteSwiftPackageReference "firebase-ios-sdk" */,
				F08635C02E4EF3C2005D0446 /* XCRemoteSwiftPackageReference "GoogleSignIn-iOS" */,
			);
			preferredProjectObjectVersion = 77;
			productRefGroup = F091FC6C2DF3855200F3594E /* Products */;
			projectDirPath = "";
			projectRoot = "";
			targets = (
				F091FC6A2DF3855200F3594E /* Valt */,
				F091FC772DF3855400F3594E /* ValtTests */,
				F091FC812DF3855400F3594E /* ValtUITests */,
			);
		};
/* End PBXProject section */

/* Begin PBXResourcesBuildPhase section */
		F091FC692DF3855200F3594E /* Resources */ = {
			isa = PBXResourcesBuildPhase;
			buildActionMask = 2147483647;
			files = (
			);
			runOnlyForDeploymentPostprocessing = 0;
		};
		F091FC762DF3855400F3594E /* Resources */ = {
			isa = PBXResourcesBuildPhase;
			buildActionMask = 2147483647;
			files = (
			);
			runOnlyForDeploymentPostprocessing = 0;
		};
		F091FC802DF3855400F3594E /* Resources */ = {
			isa = PBXResourcesBuildPhase;
			buildActionMask = 2147483647;
			files = (
			);
			runOnlyForDeploymentPostprocessing = 0;
		};
/* End PBXResourcesBuildPhase section */

/* Begin PBXSourcesBuildPhase section */
		F091FC672DF3855200F3594E /* Sources */ = {
			isa = PBXSourcesBuildPhase;
			buildActionMask = 2147483647;
			files = (
			);
			runOnlyForDeploymentPostprocessing = 0;
		};
		F091FC742DF3855400F3594E /* Sources */ = {
			isa = PBXSourcesBuildPhase;
			buildActionMask = 2147483647;
			files = (
			);
			runOnlyForDeploymentPostprocessing = 0;
		};
		F091FC7E2DF3855400F3594E /* Sources */ = {
			isa = PBXSourcesBuildPhase;
			buildActionMask = 2147483647;
			files = (
			);
			runOnlyForDeploymentPostprocessing = 0;
		};
/* End PBXSourcesBuildPhase section */

/* Begin PBXTargetDependency section */
		F091FC7A2DF3855400F3594E /* PBXTargetDependency */ = {
			isa = PBXTargetDependency;
			target = F091FC6A2DF3855200F3594E /* Valt */;
			targetProxy = F091FC792DF3855400F3594E /* PBXContainerItemProxy */;
		};
		F091FC842DF3855400F3594E /* PBXTargetDependency */ = {
			isa = PBXTargetDependency;
			target = F091FC6A2DF3855200F3594E /* Valt */;
			targetProxy = F091FC832DF3855400F3594E /* PBXContainerItemProxy */;
		};
/* End PBXTargetDependency section */

/* Begin XCBuildConfiguration section */
		F091FC8A2DF3855400F3594E /* Debug */ = {
			isa = XCBuildConfiguration;
			buildSettings = {
				ALWAYS_SEARCH_USER_PATHS = NO;
				ASSETCATALOG_COMPILER_GENERATE_SWIFT_ASSET_SYMBOL_EXTENSIONS = YES;
				CLANG_ANALYZER_NONNULL = YES;
				CLANG_ANALYZER_NUMBER_OBJECT_CONVERSION = YES_AGGRESSIVE;
				CLANG_CXX_LANGUAGE_STANDARD = "gnu++20";
				CLANG_ENABLE_MODULES = YES;
				CLANG_ENABLE_OBJC_ARC = YES;
				CLANG_ENABLE_OBJC_WEAK = YES;
				CLANG_WARN_BLOCK_CAPTURE_AUTORELEASING = YES;
				CLANG_WARN_BOOL_CONVERSION = YES;
				CLANG_WARN_COMMA = YES;
				CLANG_WARN_CONSTANT_CONVERSION = YES;
				CLANG_WARN_DEPRECATED_OBJC_IMPLEMENTATIONS = YES;
				CLANG_WARN_DIRECT_OBJC_ISA_USAGE = YES_ERROR;
				CLANG_WARN_DOCUMENTATION_COMMENTS = YES;
				CLANG_WARN_EMPTY_BODY = YES;
				CLANG_WARN_ENUM_CONVERSION = YES;
				CLANG_WARN_INFINITE_RECURSION = YES;
				CLANG_WARN_INT_CONVERSION = YES;
				CLANG_WARN_NON_LITERAL_NULL_CONVERSION = YES;
				CLANG_WARN_OBJC_IMPLICIT_RETAIN_SELF = YES;
				CLANG_WARN_OBJC_LITERAL_CONVERSION = YES;
				CLANG_WARN_OBJC_ROOT_CLASS = YES_ERROR;
				CLANG_WARN_QUOTED_INCLUDE_IN_FRAMEWORK_HEADER = YES;
				CLANG_WARN_RANGE_LOOP_ANALYSIS = YES;
				CLANG_WARN_STRICT_PROTOTYPES = YES;
				CLANG_WARN_SUSPICIOUS_MOVE = YES;
				CLANG_WARN_UNGUARDED_AVAILABILITY = YES_AGGRESSIVE;
				CLANG_WARN_UNREACHABLE_CODE = YES;
				CLANG_WARN__DUPLICATE_METHOD_MATCH = YES;
				COPY_PHASE_STRIP = NO;
				DEBUG_INFORMATION_FORMAT = dwarf;
				DEVELOPMENT_TEAM = 3H82Q6W7Y7;
				ENABLE_STRICT_OBJC_MSGSEND = YES;
				ENABLE_TESTABILITY = YES;
				ENABLE_USER_SCRIPT_SANDBOXING = YES;
				GCC_C_LANGUAGE_STANDARD = gnu17;
				GCC_DYNAMIC_NO_PIC = NO;
				GCC_NO_COMMON_BLOCKS = YES;
				GCC_OPTIMIZATION_LEVEL = 0;
				GCC_PREPROCESSOR_DEFINITIONS = (
					"DEBUG=1",
					"$(inherited)",
				);
				GCC_WARN_64_TO_32_BIT_CONVERSION = YES;
				GCC_WARN_ABOUT_RETURN_TYPE = YES_ERROR;
				GCC_WARN_UNDECLARED_SELECTOR = YES;
				GCC_WARN_UNINITIALIZED_AUTOS = YES_AGGRESSIVE;
				GCC_WARN_UNUSED_FUNCTION = YES;
				GCC_WARN_UNUSED_VARIABLE = YES;
				IPHONEOS_DEPLOYMENT_TARGET = 18.5;
				LOCALIZATION_PREFERS_STRING_CATALOGS = YES;
				MTL_ENABLE_DEBUG_INFO = INCLUDE_SOURCE;
				MTL_FAST_MATH = YES;
				ONLY_ACTIVE_ARCH = YES;
				SDKROOT = iphoneos;
				SWIFT_ACTIVE_COMPILATION_CONDITIONS = "DEBUG $(inherited)";
				SWIFT_OPTIMIZATION_LEVEL = "-Onone";
			};
			name = Debug;
		};
		F091FC8B2DF3855400F3594E /* Release */ = {
			isa = XCBuildConfiguration;
			buildSettings = {
				ALWAYS_SEARCH_USER_PATHS = NO;
				ASSETCATALOG_COMPILER_GENERATE_SWIFT_ASSET_SYMBOL_EXTENSIONS = YES;
				CLANG_ANALYZER_NONNULL = YES;
				CLANG_ANALYZER_NUMBER_OBJECT_CONVERSION = YES_AGGRESSIVE;
				CLANG_CXX_LANGUAGE_STANDARD = "gnu++20";
				CLANG_ENABLE_MODULES = YES;
				CLANG_ENABLE_OBJC_ARC = YES;
				CLANG_ENABLE_OBJC_WEAK = YES;
				CLANG_WARN_BLOCK_CAPTURE_AUTORELEASING = YES;
				CLANG_WARN_BOOL_CONVERSION = YES;
				CLANG_WARN_COMMA = YES;
				CLANG_WARN_CONSTANT_CONVERSION = YES;
				CLANG_WARN_DEPRECATED_OBJC_IMPLEMENTATIONS = YES;
				CLANG_WARN_DIRECT_OBJC_ISA_USAGE = YES_ERROR;
				CLANG_WARN_DOCUMENTATION_COMMENTS = YES;
				CLANG_WARN_EMPTY_BODY = YES;
				CLANG_WARN_ENUM_CONVERSION = YES;
				CLANG_WARN_INFINITE_RECURSION = YES;
				CLANG_WARN_INT_CONVERSION = YES;
				CLANG_WARN_NON_LITERAL_NULL_CONVERSION = YES;
				CLANG_WARN_OBJC_IMPLICIT_RETAIN_SELF = YES;
				CLANG_WARN_OBJC_LITERAL_CONVERSION = YES;
				CLANG_WARN_OBJC_ROOT_CLASS = YES_ERROR;
				CLANG_WARN_QUOTED_INCLUDE_IN_FRAMEWORK_HEADER = YES;
				CLANG_WARN_RANGE_LOOP_ANALYSIS = YES;
				CLANG_WARN_STRICT_PROTOTYPES = YES;
				CLANG_WARN_SUSPICIOUS_MOVE = YES;
				CLANG_WARN_UNGUARDED_AVAILABILITY = YES_AGGRESSIVE;
				CLANG_WARN_UNREACHABLE_CODE = YES;
				CLANG_WARN__DUPLICATE_METHOD_MATCH = YES;
				COPY_PHASE_STRIP = NO;
				DEBUG_INFORMATION_FORMAT = "dwarf-with-dsym";
				DEVELOPMENT_TEAM = 3H82Q6W7Y7;
				ENABLE_NS_ASSERTIONS = NO;
				ENABLE_STRICT_OBJC_MSGSEND = YES;
				ENABLE_USER_SCRIPT_SANDBOXING = YES;
				GCC_C_LANGUAGE_STANDARD = gnu17;
				GCC_NO_COMMON_BLOCKS = YES;
				GCC_WARN_64_TO_32_BIT_CONVERSION = YES;
				GCC_WARN_ABOUT_RETURN_TYPE = YES_ERROR;
				GCC_WARN_UNDECLARED_SELECTOR = YES;
				GCC_WARN_UNINITIALIZED_AUTOS = YES_AGGRESSIVE;
				GCC_WARN_UNUSED_FUNCTION = YES;
				GCC_WARN_UNUSED_VARIABLE = YES;
				IPHONEOS_DEPLOYMENT_TARGET = 18.5;
				LOCALIZATION_PREFERS_STRING_CATALOGS = YES;
				MTL_ENABLE_DEBUG_INFO = NO;
				MTL_FAST_MATH = YES;
				SDKROOT = iphoneos;
				SWIFT_COMPILATION_MODE = wholemodule;
				VALIDATE_PRODUCT = YES;
			};
			name = Release;
		};
		F091FC8D2DF3855400F3594E /* Debug */ = {
			isa = XCBuildConfiguration;
			buildSettings = {
				ASSETCATALOG_COMPILER_APPICON_NAME = AppIcon;
				ASSETCATALOG_COMPILER_GLOBAL_ACCENT_COLOR_NAME = AccentColor;
				CODE_SIGN_ENTITLEMENTS = Valt/Valt.entitlements;
				CODE_SIGN_STYLE = Automatic;
				CURRENT_PROJECT_VERSION = 1;
				DEVELOPMENT_TEAM = 3H82Q6W7Y7;
				ENABLE_PREVIEWS = YES;
				GENERATE_INFOPLIST_FILE = YES;
				INFOPLIST_FILE = Valt/Info.plist;
				INFOPLIST_KEY_UIApplicationSceneManifest_Generation = YES;
				INFOPLIST_KEY_UIApplicationSupportsIndirectInputEvents = YES;
				INFOPLIST_KEY_UISupportedInterfaceOrientations = UIInterfaceOrientationPortrait;
				LD_RUNPATH_SEARCH_PATHS = (
					"$(inherited)",
					"@executable_path/Frameworks",
				);
				MARKETING_VERSION = 1.0;
				PRODUCT_BUNDLE_IDENTIFIER = com.emily.Valt;
				PRODUCT_NAME = "$(TARGET_NAME)";
				SWIFT_EMIT_LOC_STRINGS = YES;
				SWIFT_VERSION = 5.0;
				TARGETED_DEVICE_FAMILY = "1,2";
			};
			name = Debug;
		};
		F091FC8E2DF3855400F3594E /* Release */ = {
			isa = XCBuildConfiguration;
			buildSettings = {
				ASSETCATALOG_COMPILER_APPICON_NAME = AppIcon;
				ASSETCATALOG_COMPILER_GLOBAL_ACCENT_COLOR_NAME = AccentColor;
				CODE_SIGN_ENTITLEMENTS = Valt/Valt.entitlements;
				CODE_SIGN_STYLE = Automatic;
				CURRENT_PROJECT_VERSION = 1;
				DEVELOPMENT_TEAM = 3H82Q6W7Y7;
				ENABLE_PREVIEWS = YES;
				GENERATE_INFOPLIST_FILE = YES;
				INFOPLIST_FILE = Valt/Info.plist;
				INFOPLIST_KEY_UIApplicationSceneManifest_Generation = YES;
				INFOPLIST_KEY_UIApplicationSupportsIndirectInputEvents = YES;
				INFOPLIST_KEY_UISupportedInterfaceOrientations = UIInterfaceOrientationPortrait;
				LD_RUNPATH_SEARCH_PATHS = (
					"$(inherited)",
					"@executable_path/Frameworks",
				);
				MARKETING_VERSION = 1.0;
				PRODUCT_BUNDLE_IDENTIFIER = com.emily.Valt;
				PRODUCT_NAME = "$(TARGET_NAME)";
				SWIFT_EMIT_LOC_STRINGS = YES;
				SWIFT_VERSION = 5.0;
				TARGETED_DEVICE_FAMILY = "1,2";
			};
			name = Release;
		};
		F091FC902DF3855400F3594E /* Debug */ = {
			isa = XCBuildConfiguration;
			buildSettings = {
				BUNDLE_LOADER = "$(TEST_HOST)";
				CODE_SIGN_STYLE = Automatic;
				CURRENT_PROJECT_VERSION = 1;
				DEVELOPMENT_TEAM = 3H82Q6W7Y7;
				GENERATE_INFOPLIST_FILE = YES;
				IPHONEOS_DEPLOYMENT_TARGET = 18.5;
				MARKETING_VERSION = 1.0;
				PRODUCT_BUNDLE_IDENTIFIER = "turing-automation.ValtTests";
				PRODUCT_NAME = "$(TARGET_NAME)";
				SWIFT_EMIT_LOC_STRINGS = NO;
				SWIFT_VERSION = 5.0;
				TARGETED_DEVICE_FAMILY = "1,2";
				TEST_HOST = "$(BUILT_PRODUCTS_DIR)/Valt.app/$(BUNDLE_EXECUTABLE_FOLDER_PATH)/Valt";
			};
			name = Debug;
		};
		F091FC912DF3855400F3594E /* Release */ = {
			isa = XCBuildConfiguration;
			buildSettings = {
				BUNDLE_LOADER = "$(TEST_HOST)";
				CODE_SIGN_STYLE = Automatic;
				CURRENT_PROJECT_VERSION = 1;
				DEVELOPMENT_TEAM = 3H82Q6W7Y7;
				GENERATE_INFOPLIST_FILE = YES;
				IPHONEOS_DEPLOYMENT_TARGET = 18.5;
				MARKETING_VERSION = 1.0;
				PRODUCT_BUNDLE_IDENTIFIER = "turing-automation.ValtTests";
				PRODUCT_NAME = "$(TARGET_NAME)";
				SWIFT_EMIT_LOC_STRINGS = NO;
				SWIFT_VERSION = 5.0;
				TARGETED_DEVICE_FAMILY = "1,2";
				TEST_HOST = "$(BUILT_PRODUCTS_DIR)/Valt.app/$(BUNDLE_EXECUTABLE_FOLDER_PATH)/Valt";
			};
			name = Release;
		};
		F091FC932DF3855400F3594E /* Debug */ = {
			isa = XCBuildConfiguration;
			buildSettings = {
				CODE_SIGN_STYLE = Automatic;
				CURRENT_PROJECT_VERSION = 1;
				DEVELOPMENT_TEAM = 3H82Q6W7Y7;
				GENERATE_INFOPLIST_FILE = YES;
				MARKETING_VERSION = 1.0;
				PRODUCT_BUNDLE_IDENTIFIER = "turing-automation.ValtUITests";
				PRODUCT_NAME = "$(TARGET_NAME)";
				SWIFT_EMIT_LOC_STRINGS = NO;
				SWIFT_VERSION = 5.0;
				TARGETED_DEVICE_FAMILY = "1,2";
				TEST_TARGET_NAME = Valt;
			};
			name = Debug;
		};
		F091FC942DF3855400F3594E /* Release */ = {
			isa = XCBuildConfiguration;
			buildSettings = {
				CODE_SIGN_STYLE = Automatic;
				CURRENT_PROJECT_VERSION = 1;
				DEVELOPMENT_TEAM = 3H82Q6W7Y7;
				GENERATE_INFOPLIST_FILE = YES;
				MARKETING_VERSION = 1.0;
				PRODUCT_BUNDLE_IDENTIFIER = "turing-automation.ValtUITests";
				PRODUCT_NAME = "$(TARGET_NAME)";
				SWIFT_EMIT_LOC_STRINGS = NO;
				SWIFT_VERSION = 5.0;
				TARGETED_DEVICE_FAMILY = "1,2";
				TEST_TARGET_NAME = Valt;
			};
			name = Release;
		};
/* End XCBuildConfiguration section */

/* Begin XCConfigurationList section */
		F091FC662DF3855200F3594E /* Build configuration list for PBXProject "Valt" */ = {
			isa = XCConfigurationList;
			buildConfigurations = (
				F091FC8A2DF3855400F3594E /* Debug */,
				F091FC8B2DF3855400F3594E /* Release */,
			);
			defaultConfigurationIsVisible = 0;
			defaultConfigurationName = Release;
		};
		F091FC8C2DF3855400F3594E /* Build configuration list for PBXNativeTarget "Valt" */ = {
			isa = XCConfigurationList;
			buildConfigurations = (
				F091FC8D2DF3855400F3594E /* Debug */,
				F091FC8E2DF3855400F3594E /* Release */,
			);
			defaultConfigurationIsVisible = 0;
			defaultConfigurationName = Release;
		};
		F091FC8F2DF3855400F3594E /* Build configuration list for PBXNativeTarget "ValtTests" */ = {
			isa = XCConfigurationList;
			buildConfigurations = (
				F091FC902DF3855400F3594E /* Debug */,
				F091FC912DF3855400F3594E /* Release */,
			);
			defaultConfigurationIsVisible = 0;
			defaultConfigurationName = Release;
		};
		F091FC922DF3855400F3594E /* Build configuration list for PBXNativeTarget "ValtUITests" */ = {
			isa = XCConfigurationList;
			buildConfigurations = (
				F091FC932DF3855400F3594E /* Debug */,
				F091FC942DF3855400F3594E /* Release */,
			);
			defaultConfigurationIsVisible = 0;
			defaultConfigurationName = Release;
		};
/* End XCConfigurationList section */

/* Begin XCRemoteSwiftPackageReference section */
		F08635C02E4EF3C2005D0446 /* XCRemoteSwiftPackageReference "GoogleSignIn-iOS" */ = {
			isa = XCRemoteSwiftPackageReference;
			repositoryURL = "https://github.com/google/GoogleSignIn-iOS";
			requirement = {
				kind = upToNextMajorVersion;
				minimumVersion = 9.0.0;
			};
		};
		F091FC9A2DF38F4500F3594E /* XCRemoteSwiftPackageReference "firebase-ios-sdk" */ = {
			isa = XCRemoteSwiftPackageReference;
			repositoryURL = "https://github.com/firebase/firebase-ios-sdk.git";
			requirement = {
				kind = upToNextMajorVersion;
				minimumVersion = 11.14.0;
			};
		};
/* End XCRemoteSwiftPackageReference section */

/* Begin XCSwiftPackageProductDependency section */
		F08635C12E4EF3C2005D0446 /* GoogleSignIn */ = {
			isa = XCSwiftPackageProductDependency;
			package = F08635C02E4EF3C2005D0446 /* XCRemoteSwiftPackageReference "GoogleSignIn-iOS" */;
			productName = GoogleSignIn;
		};
		F08635C32E4EF3C2005D0446 /* GoogleSignInSwift */ = {
			isa = XCSwiftPackageProductDependency;
			package = F08635C02E4EF3C2005D0446 /* XCRemoteSwiftPackageReference "GoogleSignIn-iOS" */;
			productName = GoogleSignInSwift;
		};
		F091FC9B2DF38F4500F3594E /* FirebaseAI */ = {
			isa = XCSwiftPackageProductDependency;
			package = F091FC9A2DF38F4500F3594E /* XCRemoteSwiftPackageReference "firebase-ios-sdk" */;
			productName = FirebaseAI;
		};
		F091FC9D2DF38F4500F3594E /* FirebaseAnalytics */ = {
			isa = XCSwiftPackageProductDependency;
			package = F091FC9A2DF38F4500F3594E /* XCRemoteSwiftPackageReference "firebase-ios-sdk" */;
			productName = FirebaseAnalytics;
		};
		F091FC9F2DF38F4500F3594E /* FirebaseAnalyticsCore */ = {
			isa = XCSwiftPackageProductDependency;
			package = F091FC9A2DF38F4500F3594E /* XCRemoteSwiftPackageReference "firebase-ios-sdk" */;
			productName = FirebaseAnalyticsCore;
		};
		F091FCA12DF38F4500F3594E /* FirebaseAnalyticsIdentitySupport */ = {
			isa = XCSwiftPackageProductDependency;
			package = F091FC9A2DF38F4500F3594E /* XCRemoteSwiftPackageReference "firebase-ios-sdk" */;
			productName = FirebaseAnalyticsIdentitySupport;
		};
		F091FCA32DF38F4500F3594E /* FirebaseAnalyticsOnDeviceConversion */ = {
			isa = XCSwiftPackageProductDependency;
			package = F091FC9A2DF38F4500F3594E /* XCRemoteSwiftPackageReference "firebase-ios-sdk" */;
			productName = FirebaseAnalyticsOnDeviceConversion;
		};
		F091FCA52DF38F4500F3594E /* FirebaseAppCheck */ = {
			isa = XCSwiftPackageProductDependency;
			package = F091FC9A2DF38F4500F3594E /* XCRemoteSwiftPackageReference "firebase-ios-sdk" */;
			productName = FirebaseAppCheck;
		};
		F091FCA72DF38F4500F3594E /* FirebaseAuth */ = {
			isa = XCSwiftPackageProductDependency;
			package = F091FC9A2DF38F4500F3594E /* XCRemoteSwiftPackageReference "firebase-ios-sdk" */;
			productName = FirebaseAuth;
		};
		F091FCA92DF38F4500F3594E /* FirebaseCore */ = {
			isa = XCSwiftPackageProductDependency;
			package = F091FC9A2DF38F4500F3594E /* XCRemoteSwiftPackageReference "firebase-ios-sdk" */;
			productName = FirebaseCore;
		};
		F091FCAB2DF38F4500F3594E /* FirebaseDatabase */ = {
			isa = XCSwiftPackageProductDependency;
			package = F091FC9A2DF38F4500F3594E /* XCRemoteSwiftPackageReference "firebase-ios-sdk" */;
			productName = FirebaseDatabase;
		};
		F091FCAD2DF38F4500F3594E /* FirebaseFirestore */ = {
			isa = XCSwiftPackageProductDependency;
			package = F091FC9A2DF38F4500F3594E /* XCRemoteSwiftPackageReference "firebase-ios-sdk" */;
			productName = FirebaseFirestore;
		};
		F091FCAF2DF38F4500F3594E /* FirebaseRemoteConfig */ = {
			isa = XCSwiftPackageProductDependency;
			package = F091FC9A2DF38F4500F3594E /* XCRemoteSwiftPackageReference "firebase-ios-sdk" */;
			productName = FirebaseRemoteConfig;
		};
		F091FCB12DF38F4500F3594E /* FirebaseStorage */ = {
			isa = XCSwiftPackageProductDependency;
			package = F091FC9A2DF38F4500F3594E /* XCRemoteSwiftPackageReference "firebase-ios-sdk" */;
			productName = FirebaseStorage;
		};
/* End XCSwiftPackageProductDependency section */
	};
	rootObject = F091FC632DF3855200F3594E /* Project object */;
}
